
Microsoft Visual Studio Solution File, Format Version 12.00
# Visual Studio Version 17
VisualStudioVersion = 17.13.35806.99 d17.13
MinimumVisualStudioVersion = 10.0.40219.1
Project("{FAE04EC0-301F-11D3-BF4B-00C04F79EFBC}") = "tpmodul2_2311104070", "tpmodul2_2311104070\tpmodul2_2311104070.csproj", "{586A7E61-2850-4500-BCE9-AB6AF990C7EC}"
EndProject
Global
	GlobalSection(SolutionConfigurationPlatforms) = preSolution
		Debug|Any CPU = Debug|Any CPU
		Release|Any CPU = Release|Any CPU
	EndGlobalSection
	GlobalSection(ProjectConfigurationPlatforms) = postSolution
		{586A7E61-2850-4500-BCE9-AB6AF990C7EC}.Debug|Any CPU.ActiveCfg = Debug|Any CPU
		{586A7E61-2850-4500-BCE9-AB6AF990C7EC}.Debug|Any CPU.Build.0 = Debug|Any CPU
		{586A7E61-2850-4500-BCE9-AB6AF990C7EC}.Release|Any CPU.ActiveCfg = Release|Any CPU
		{586A7E61-2850-4500-BCE9-AB6AF990C7EC}.Release|Any CPU.Build.0 = Release|Any CPU
	EndGlobalSection
	GlobalSection(SolutionProperties) = preSolution
		HideSolutionNode = FALSE
	EndGlobalSection
	GlobalSection(ExtensibilityGlobals) = postSolution
		SolutionGuid = {F4AFBA2D-7A8F-4B43-96A9-ED102C014969}
	EndGlobalSection
EndGlobal
