
Microsoft Visual Studio Solution File, Format Version 12.00
# Visual Studio Version 17
VisualStudioVersion = 17.13.35806.99 d17.13
MinimumVisualStudioVersion = 10.0.40219.1
Project("{FAE04EC0-301F-11D3-BF4B-00C04F79EFBC}") = "tpmodul4_2311104070", "tpmodul4_2311104070\tpmodul4_2311104070.csproj", "{5FA3BF44-7DA9-48CD-8D62-50E7A3B608BC}"
EndProject
Global
	GlobalSection(SolutionConfigurationPlatforms) = preSolution
		Debug|Any CPU = Debug|Any CPU
		Release|Any CPU = Release|Any CPU
	EndGlobalSection
	GlobalSection(ProjectConfigurationPlatforms) = postSolution
		{5FA3BF44-7DA9-48CD-8D62-50E7A3B608BC}.Debug|Any CPU.ActiveCfg = Debug|Any CPU
		{5FA3BF44-7DA9-48CD-8D62-50E7A3B608BC}.Debug|Any CPU.Build.0 = Debug|Any CPU
		{5FA3BF44-7DA9-48CD-8D62-50E7A3B608BC}.Release|Any CPU.ActiveCfg = Release|Any CPU
		{5FA3BF44-7DA9-48CD-8D62-50E7A3B608BC}.Release|Any CPU.Build.0 = Release|Any CPU
	EndGlobalSection
	GlobalSection(SolutionProperties) = preSolution
		HideSolutionNode = FALSE
	EndGlobalSection
	GlobalSection(ExtensibilityGlobals) = postSolution
		SolutionGuid = {E5C97A1B-5971-4435-8B30-6A9E4DCFDC42}
	EndGlobalSection
EndGlobal
