
Microsoft Visual Studio Solution File, Format Version 12.00
# Visual Studio Version 17
VisualStudioVersion = 17.14.36203.30 d17.14
MinimumVisualStudioVersion = 10.0.40219.1
Project("{FAE04EC0-301F-11D3-BF4B-00C04F79EFBC}") = "TPmodul15_2311104070", "TPmodul15_2311104070\TPmodul15_2311104070.csproj", "{A918316E-E496-453D-9C19-9968813BD9F5}"
EndProject
Global
	GlobalSection(SolutionConfigurationPlatforms) = preSolution
		Debug|Any CPU = Debug|Any CPU
		Release|Any CPU = Release|Any CPU
	EndGlobalSection
	GlobalSection(ProjectConfigurationPlatforms) = postSolution
		{A918316E-E496-453D-9C19-9968813BD9F5}.Debug|Any CPU.ActiveCfg = Debug|Any CPU
		{A918316E-E496-453D-9C19-9968813BD9F5}.Debug|Any CPU.Build.0 = Debug|Any CPU
		{A918316E-E496-453D-9C19-9968813BD9F5}.Release|Any CPU.ActiveCfg = Release|Any CPU
		{A918316E-E496-453D-9C19-9968813BD9F5}.Release|Any CPU.Build.0 = Release|Any CPU
	EndGlobalSection
	GlobalSection(SolutionProperties) = preSolution
		HideSolutionNode = FALSE
	EndGlobalSection
	GlobalSection(ExtensibilityGlobals) = postSolution
		SolutionGuid = {891A6E8B-7926-4833-A066-4DE39C981940}
	EndGlobalSection
EndGlobal
