
Microsoft Visual Studio Solution File, Format Version 12.00
# Visual Studio Version 17
VisualStudioVersion = 17.13.35806.99 d17.13
MinimumVisualStudioVersion = 10.0.40219.1
Project("{FAE04EC0-301F-11D3-BF4B-00C04F79EFBC}") = "tpmodul5_2311104070", "tpmodul5_2311104070\tpmodul5_2311104070.csproj", "{CFD7D568-2425-4013-A863-8B3253A3FAEE}"
EndProject
Global
	GlobalSection(SolutionConfigurationPlatforms) = preSolution
		Debug|Any CPU = Debug|Any CPU
		Release|Any CPU = Release|Any CPU
	EndGlobalSection
	GlobalSection(ProjectConfigurationPlatforms) = postSolution
		{CFD7D568-2425-4013-A863-8B3253A3FAEE}.Debug|Any CPU.ActiveCfg = Debug|Any CPU
		{CFD7D568-2425-4013-A863-8B3253A3FAEE}.Debug|Any CPU.Build.0 = Debug|Any CPU
		{CFD7D568-2425-4013-A863-8B3253A3FAEE}.Release|Any CPU.ActiveCfg = Release|Any CPU
		{CFD7D568-2425-4013-A863-8B3253A3FAEE}.Release|Any CPU.Build.0 = Release|Any CPU
	EndGlobalSection
	GlobalSection(SolutionProperties) = preSolution
		HideSolutionNode = FALSE
	EndGlobalSection
	GlobalSection(ExtensibilityGlobals) = postSolution
		SolutionGuid = {DC8DA457-7683-404F-9D01-6A9237F7E699}
	EndGlobalSection
EndGlobal
