
Microsoft Visual Studio Solution File, Format Version 12.00
# Visual Studio Version 17
VisualStudioVersion = 17.13.35806.99 d17.13
MinimumVisualStudioVersion = 10.0.40219.1
Project("{FAE04EC0-301F-11D3-BF4B-00C04F79EFBC}") = "TPmodul9_2311104070", "TPmodul9_2311104070\TPmodul9_2311104070.csproj", "{EFB2AF2E-7F32-47AB-B00E-BF8612E2B247}"
EndProject
Global
	GlobalSection(SolutionConfigurationPlatforms) = preSolution
		Debug|Any CPU = Debug|Any CPU
		Release|Any CPU = Release|Any CPU
	EndGlobalSection
	GlobalSection(ProjectConfigurationPlatforms) = postSolution
		{EFB2AF2E-7F32-47AB-B00E-BF8612E2B247}.Debug|Any CPU.ActiveCfg = Debug|Any CPU
		{EFB2AF2E-7F32-47AB-B00E-BF8612E2B247}.Debug|Any CPU.Build.0 = Debug|Any CPU
		{EFB2AF2E-7F32-47AB-B00E-BF8612E2B247}.Release|Any CPU.ActiveCfg = Release|Any CPU
		{EFB2AF2E-7F32-47AB-B00E-BF8612E2B247}.Release|Any CPU.Build.0 = Release|Any CPU
	EndGlobalSection
	GlobalSection(SolutionProperties) = preSolution
		HideSolutionNode = FALSE
	EndGlobalSection
	GlobalSection(ExtensibilityGlobals) = postSolution
		SolutionGuid = {4201EC03-841D-4219-8A36-104138C3ABD3}
	EndGlobalSection
EndGlobal
