
Microsoft Visual Studio Solution File, Format Version 12.00
# Visual Studio Version 17
VisualStudioVersion = 17.13.35806.99 d17.13
MinimumVisualStudioVersion = 10.0.40219.1
Project("{FAE04EC0-301F-11D3-BF4B-00C04F79EFBC}") = "JurnalModul3_2311104070", "JurnalModul3_2311104070\JurnalModul3_2311104070.csproj", "{4759AC28-8377-4C36-9186-6EC8E42ABE13}"
EndProject
Global
	GlobalSection(SolutionConfigurationPlatforms) = preSolution
		Debug|Any CPU = Debug|Any CPU
		Release|Any CPU = Release|Any CPU
	EndGlobalSection
	GlobalSection(ProjectConfigurationPlatforms) = postSolution
		{4759AC28-8377-4C36-9186-6EC8E42ABE13}.Debug|Any CPU.ActiveCfg = Debug|Any CPU
		{4759AC28-8377-4C36-9186-6EC8E42ABE13}.Debug|Any CPU.Build.0 = Debug|Any CPU
		{4759AC28-8377-4C36-9186-6EC8E42ABE13}.Release|Any CPU.ActiveCfg = Release|Any CPU
		{4759AC28-8377-4C36-9186-6EC8E42ABE13}.Release|Any CPU.Build.0 = Release|Any CPU
	EndGlobalSection
	GlobalSection(SolutionProperties) = preSolution
		HideSolutionNode = FALSE
	EndGlobalSection
	GlobalSection(ExtensibilityGlobals) = postSolution
		SolutionGuid = {566B78D9-2F1A-49CC-9841-5E71E32DAA89}
	EndGlobalSection
EndGlobal
